// !$*UTF8*$!
{
	archiveVersion = 1;
	classes = {
	};
	objectVersion = 77;
	objects = {

/* Begin PBXContainerItemProxy section */
		564431132E5701960051140F /* PBXContainerItemProxy */ = {
			isa = PBXContainerItemProxy;
			containerPortal = 564430FD2E5701920051140F /* Project object */;
			proxyType = 1;
			remoteGlobalIDString = 564431042E5701920051140F;
			remoteInfo = Vector;
		};
		5644311D2E5701960051140F /* PBXContainerItemProxy */ = {
			isa = PBXContainerItemProxy;
			containerPortal = 564430FD2E5701920051140F /* Project object */;
			proxyType = 1;
			remoteGlobalIDString = 564431042E5701920051140F;
			remoteInfo = Vector;
		};
/* End PBXContainerItemProxy section */

/* Begin PBXFileReference section */
		564431052E5701920051140F /* Vector.app */ = {isa = PBXFileReference; explicitFileType = wrapper.application; includeInIndex = 0; path = Vector.app; sourceTree = BUILT_PRODUCTS_DIR; };
		564431122E5701960051140F /* VectorTests.xctest */ = {isa = PBXFileReference; explicitFileType = wrapper.cfbundle; includeInIndex = 0; path = VectorTests.xctest; sourceTree = BUILT_PRODUCTS_DIR; };
		5644311C2E5701960051140F /* VectorUITests.xctest */ = {isa = PBXFileReference; explicitFileType = wrapper.cfbundle; includeInIndex = 0; path = VectorUITests.xctest; sourceTree = BUILT_PRODUCTS_DIR; };
/* End PBXFileReference section */

/* Begin PBXFileSystemSynchronizedBuildFileExceptionSet section */
		564431C42E5707DB0051140F /* Exceptions for "Vector" folder in "Vector" target */ = {
			isa = PBXFileSystemSynchronizedBuildFileExceptionSet;
			membershipExceptions = (
				Config/Info.plist,
			);
			target = 564431042E5701920051140F /* Vector */;
		};
/* End PBXFileSystemSynchronizedBuildFileExceptionSet section */

/* Begin PBXFileSystemSynchronizedRootGroup section */
		564431072E5701920051140F /* Vector */ = {
			isa = PBXFileSystemSynchronizedRootGroup;
			exceptions = (
				564431C42E5707DB0051140F /* Exceptions for "Vector" folder in "Vector" target */,
			);
			path = Vector;
			sourceTree = "<group>";
		};
		564431152E5701960051140F /* VectorTests */ = {
			isa = PBXFileSystemSynchronizedRootGroup;
			path = VectorTests;
			sourceTree = "<group>";
		};
		5644311F2E5701960051140F /* VectorUITests */ = {
			isa = PBXFileSystemSynchronizedRootGroup;
			path = VectorUITests;
			sourceTree = "<group>";
		};
		56EBBC3E2E5AA68B00EAE4FA /* Server */ = {
			isa = PBXFileSystemSynchronizedRootGroup;
			path = Server;
			sourceTree = "<group>";
		};
/* End PBXFileSystemSynchronizedRootGroup section */

/* Begin PBXFrameworksBuildPhase section */
		564431022E5701920051140F /* Frameworks */ = {
			isa = PBXFrameworksBuildPhase;
			buildActionMask = 2147483647;
			files = (
			);
			runOnlyForDeploymentPostprocessing = 0;
		};
		5644310F2E5701960051140F /* Frameworks */ = {
			isa = PBXFrameworksBuildPhase;
			buildActionMask = 2147483647;
			files = (
			);
			runOnlyForDeploymentPostprocessing = 0;
		};
		564431192E5701960051140F /* Frameworks */ = {
			isa = PBXFrameworksBuildPhase;
			buildActionMask = 2147483647;
			files = (
			);
			runOnlyForDeploymentPostprocessing = 0;
		};
/* End PBXFrameworksBuildPhase section */

/* Begin PBXGroup section */
		564430FC2E5701920051140F = {
			isa = PBXGroup;
			children = (
				56EB57A32E5BBAF800EAE4FA /* Support */,
				56EBBC3E2E5AA68B00EAE4FA /* Server */,
				564431072E5701920051140F /* Vector */,
				564431152E5701960051140F /* VectorTests */,
				5644311F2E5701960051140F /* VectorUITests */,
				564431062E5701920051140F /* Products */,
			);
			sourceTree = "<group>";
		};
		564431062E5701920051140F /* Products */ = {
			isa = PBXGroup;
			children = (
				564431052E5701920051140F /* Vector.app */,
				564431122E5701960051140F /* VectorTests.xctest */,
				5644311C2E5701960051140F /* VectorUITests.xctest */,
			);
			name = Products;
			sourceTree = "<group>";
		};
		56EB57A32E5BBAF800EAE4FA /* Support */ = {
			isa = PBXGroup;
			children = (
			);
			path = Support;
			sourceTree = "<group>";
		};
/* End PBXGroup section */

/* Begin PBXNativeTarget section */
		564431042E5701920051140F /* Vector */ = {
			isa = PBXNativeTarget;
			buildConfigurationList = 564431262E5701960051140F /* Build configuration list for PBXNativeTarget "Vector" */;
			buildPhases = (
				564431012E5701920051140F /* Sources */,
				564431022E5701920051140F /* Frameworks */,
				564431032E5701920051140F /* Resources */,
			);
			buildRules = (
			);
			dependencies = (
			);
			fileSystemSynchronizedGroups = (
				564431072E5701920051140F /* Vector */,
				56EBBC3E2E5AA68B00EAE4FA /* Server */,
			);
			name = Vector;
			packageProductDependencies = (
			);
			productName = Vector;
			productReference = 564431052E5701920051140F /* Vector.app */;
			productType = "com.apple.product-type.application";
		};
		564431112E5701960051140F /* VectorTests */ = {
			isa = PBXNativeTarget;
			buildConfigurationList = 564431292E5701960051140F /* Build configuration list for PBXNativeTarget "VectorTests" */;
			buildPhases = (
				5644310E2E5701960051140F /* Sources */,
				5644310F2E5701960051140F /* Frameworks */,
				564431102E5701960051140F /* Resources */,
			);
			buildRules = (
			);
			dependencies = (
				564431142E5701960051140F /* PBXTargetDependency */,
			);
			fileSystemSynchronizedGroups = (
				564431152E5701960051140F /* VectorTests */,
			);
			name = VectorTests;
			packageProductDependencies = (
			);
			productName = VectorTests;
			productReference = 564431122E5701960051140F /* VectorTests.xctest */;
			productType = "com.apple.product-type.bundle.unit-test";
		};
		5644311B2E5701960051140F /* VectorUITests */ = {
			isa = PBXNativeTarget;
			buildConfigurationList = 5644312C2E5701960051140F /* Build configuration list for PBXNativeTarget "VectorUITests" */;
			buildPhases = (
				564431182E5701960051140F /* Sources */,
				564431192E5701960051140F /* Frameworks */,
				5644311A2E5701960051140F /* Resources */,
			);
			buildRules = (
			);
			dependencies = (
				5644311E2E5701960051140F /* PBXTargetDependency */,
			);
			fileSystemSynchronizedGroups = (
				5644311F2E5701960051140F /* VectorUITests */,
			);
			name = VectorUITests;
			packageProductDependencies = (
			);
			productName = VectorUITests;
			productReference = 5644311C2E5701960051140F /* VectorUITests.xctest */;
			productType = "com.apple.product-type.bundle.ui-testing";
		};
/* End PBXNativeTarget section */

/* Begin PBXProject section */
		564430FD2E5701920051140F /* Project object */ = {
			isa = PBXProject;
			attributes = {
				BuildIndependentTargetsInParallel = 1;
				LastSwiftUpdateCheck = 1640;
				LastUpgradeCheck = 1640;
				TargetAttributes = {
					564431042E5701920051140F = {
						CreatedOnToolsVersion = 16.4;
					};
					564431112E5701960051140F = {
						CreatedOnToolsVersion = 16.4;
						TestTargetID = 564431042E5701920051140F;
					};
					5644311B2E5701960051140F = {
						CreatedOnToolsVersion = 16.4;
						TestTargetID = 564431042E5701920051140F;
					};
				};
			};
			buildConfigurationList = 564431002E5701920051140F /* Build configuration list for PBXProject "Vector" */;
			developmentRegion = en;
			hasScannedForEncodings = 0;
			knownRegions = (
				en,
				Base,
			);
			mainGroup = 564430FC2E5701920051140F;
			minimizedProjectReferenceProxies = 1;
			preferredProjectObjectVersion = 77;
			productRefGroup = 564431062E5701920051140F /* Products */;
			projectDirPath = "";
			projectRoot = "";
			targets = (
				564431042E5701920051140F /* Vector */,
				564431112E5701960051140F /* VectorTests */,
				5644311B2E5701960051140F /* VectorUITests */,
			);
		};
/* End PBXProject section */

/* Begin PBXResourcesBuildPhase section */
		564431032E5701920051140F /* Resources */ = {
			isa = PBXResourcesBuildPhase;
			buildActionMask = 2147483647;
			files = (
			);
			runOnlyForDeploymentPostprocessing = 0;
		};
		564431102E5701960051140F /* Resources */ = {
			isa = PBXResourcesBuildPhase;
			buildActionMask = 2147483647;
			files = (
			);
			runOnlyForDeploymentPostprocessing = 0;
		};
		5644311A2E5701960051140F /* Resources */ = {
			isa = PBXResourcesBuildPhase;
			buildActionMask = 2147483647;
			files = (
			);
			runOnlyForDeploymentPostprocessing = 0;
		};
/* End PBXResourcesBuildPhase section */

/* Begin PBXSourcesBuildPhase section */
		564431012E5701920051140F /* Sources */ = {
			isa = PBXSourcesBuildPhase;
			buildActionMask = 2147483647;
			files = (
			);
			runOnlyForDeploymentPostprocessing = 0;
		};
		5644310E2E5701960051140F /* Sources */ = {
			isa = PBXSourcesBuildPhase;
			buildActionMask = 2147483647;
			files = (
			);
			runOnlyForDeploymentPostprocessing = 0;
		};
		564431182E5701960051140F /* Sources */ = {
			isa = PBXSourcesBuildPhase;
			buildActionMask = 2147483647;
			files = (
			);
			runOnlyForDeploymentPostprocessing = 0;
		};
/* End PBXSourcesBuildPhase section */

/* Begin PBXTargetDependency section */
		564431142E5701960051140F /* PBXTargetDependency */ = {
			isa = PBXTargetDependency;
			target = 564431042E5701920051140F /* Vector */;
			targetProxy = 564431132E5701960051140F /* PBXContainerItemProxy */;
		};
		5644311E2E5701960051140F /* PBXTargetDependency */ = {
			isa = PBXTargetDependency;
			target = 564431042E5701920051140F /* Vector */;
			targetProxy = 5644311D2E5701960051140F /* PBXContainerItemProxy */;
		};
/* End PBXTargetDependency section */

/* Begin XCBuildConfiguration section */
		564431242E5701960051140F /* Debug */ = {
			isa = XCBuildConfiguration;
			baseConfigurationReferenceAnchor = 564431072E5701920051140F /* Vector */;
			baseConfigurationReferenceRelativePath = Config/Debug.xcconfig;
			buildSettings = {
				ALWAYS_SEARCH_USER_PATHS = NO;
				ASSETCATALOG_COMPILER_GENERATE_SWIFT_ASSET_SYMBOL_EXTENSIONS = YES;
				CLANG_ANALYZER_NONNULL = YES;
				CLANG_ANALYZER_NUMBER_OBJECT_CONVERSION = YES_AGGRESSIVE;
				CLANG_CXX_LANGUAGE_STANDARD = "gnu++20";
				CLANG_ENABLE_MODULES = YES;
				CLANG_ENABLE_OBJC_ARC = YES;
				CLANG_ENABLE_OBJC_WEAK = YES;
				CLANG_WARN_BLOCK_CAPTURE_AUTORELEASING = YES;
				CLANG_WARN_BOOL_CONVERSION = YES;
				CLANG_WARN_COMMA = YES;
				CLANG_WARN_CONSTANT_CONVERSION = YES;
				CLANG_WARN_DEPRECATED_OBJC_IMPLEMENTATIONS = YES;
				CLANG_WARN_DIRECT_OBJC_ISA_USAGE = YES_ERROR;
				CLANG_WARN_DOCUMENTATION_COMMENTS = YES;
				CLANG_WARN_EMPTY_BODY = YES;
				CLANG_WARN_ENUM_CONVERSION = YES;
				CLANG_WARN_INFINITE_RECURSION = YES;
				CLANG_WARN_INT_CONVERSION = YES;
				CLANG_WARN_NON_LITERAL_NULL_CONVERSION = YES;
				CLANG_WARN_OBJC_IMPLICIT_RETAIN_SELF = YES;
				CLANG_WARN_OBJC_LITERAL_CONVERSION = YES;
				CLANG_WARN_OBJC_ROOT_CLASS = YES_ERROR;
				CLANG_WARN_QUOTED_INCLUDE_IN_FRAMEWORK_HEADER = YES;
				CLANG_WARN_RANGE_LOOP_ANALYSIS = YES;
				CLANG_WARN_STRICT_PROTOTYPES = YES;
				CLANG_WARN_SUSPICIOUS_MOVE = YES;
				CLANG_WARN_UNGUARDED_AVAILABILITY = YES_AGGRESSIVE;
				CLANG_WARN_UNREACHABLE_CODE = YES;
				CLANG_WARN__DUPLICATE_METHOD_MATCH = YES;
				COPY_PHASE_STRIP = NO;
				DEBUG_INFORMATION_FORMAT = dwarf;
				DEVELOPMENT_TEAM = 29GKHC3B64;
				ENABLE_STRICT_OBJC_MSGSEND = YES;
				ENABLE_TESTABILITY = YES;
				ENABLE_USER_SCRIPT_SANDBOXING = YES;
				GCC_C_LANGUAGE_STANDARD = gnu17;
				GCC_DYNAMIC_NO_PIC = NO;
				GCC_NO_COMMON_BLOCKS = YES;
				GCC_OPTIMIZATION_LEVEL = 0;
				GCC_PREPROCESSOR_DEFINITIONS = (
					"DEBUG=1",
					"$(inherited)",
				);
				GCC_WARN_64_TO_32_BIT_CONVERSION = YES;
				GCC_WARN_ABOUT_RETURN_TYPE = YES_ERROR;
				GCC_WARN_UNDECLARED_SELECTOR = YES;
				GCC_WARN_UNINITIALIZED_AUTOS = YES_AGGRESSIVE;
				GCC_WARN_UNUSED_FUNCTION = YES;
				GCC_WARN_UNUSED_VARIABLE = YES;
				IPHONEOS_DEPLOYMENT_TARGET = 17.6;
				LOCALIZATION_PREFERS_STRING_CATALOGS = YES;
				MTL_ENABLE_DEBUG_INFO = INCLUDE_SOURCE;
				MTL_FAST_MATH = YES;
				ONLY_ACTIVE_ARCH = YES;
				SDKROOT = iphoneos;
				SWIFT_ACTIVE_COMPILATION_CONDITIONS = "DEBUG $(inherited)";
				SWIFT_OPTIMIZATION_LEVEL = "-Onone";
			};
			name = Debug;
		};
		564431252E5701960051140F /* Release */ = {
			isa = XCBuildConfiguration;
			baseConfigurationReferenceAnchor = 564431072E5701920051140F /* Vector */;
			baseConfigurationReferenceRelativePath = Config/Release.xcconfig;
			buildSettings = {
				ALWAYS_SEARCH_USER_PATHS = NO;
				ASSETCATALOG_COMPILER_GENERATE_SWIFT_ASSET_SYMBOL_EXTENSIONS = YES;
				CLANG_ANALYZER_NONNULL = YES;
				CLANG_ANALYZER_NUMBER_OBJECT_CONVERSION = YES_AGGRESSIVE;
				CLANG_CXX_LANGUAGE_STANDARD = "gnu++20";
				CLANG_ENABLE_MODULES = YES;
				CLANG_ENABLE_OBJC_ARC = YES;
				CLANG_ENABLE_OBJC_WEAK = YES;
				CLANG_WARN_BLOCK_CAPTURE_AUTORELEASING = YES;
				CLANG_WARN_BOOL_CONVERSION = YES;
				CLANG_WARN_COMMA = YES;
				CLANG_WARN_CONSTANT_CONVERSION = YES;
				CLANG_WARN_DEPRECATED_OBJC_IMPLEMENTATIONS = YES;
				CLANG_WARN_DIRECT_OBJC_ISA_USAGE = YES_ERROR;
				CLANG_WARN_DOCUMENTATION_COMMENTS = YES;
				CLANG_WARN_EMPTY_BODY = YES;
				CLANG_WARN_ENUM_CONVERSION = YES;
				CLANG_WARN_INFINITE_RECURSION = YES;
				CLANG_WARN_INT_CONVERSION = YES;
				CLANG_WARN_NON_LITERAL_NULL_CONVERSION = YES;
				CLANG_WARN_OBJC_IMPLICIT_RETAIN_SELF = YES;
				CLANG_WARN_OBJC_LITERAL_CONVERSION = YES;
				CLANG_WARN_OBJC_ROOT_CLASS = YES_ERROR;
				CLANG_WARN_QUOTED_INCLUDE_IN_FRAMEWORK_HEADER = YES;
				CLANG_WARN_RANGE_LOOP_ANALYSIS = YES;
				CLANG_WARN_STRICT_PROTOTYPES = YES;
				CLANG_WARN_SUSPICIOUS_MOVE = YES;
				CLANG_WARN_UNGUARDED_AVAILABILITY = YES_AGGRESSIVE;
				CLANG_WARN_UNREACHABLE_CODE = YES;
				CLANG_WARN__DUPLICATE_METHOD_MATCH = YES;
				COPY_PHASE_STRIP = NO;
				DEBUG_INFORMATION_FORMAT = "dwarf-with-dsym";
				DEVELOPMENT_TEAM = 29GKHC3B64;
				ENABLE_NS_ASSERTIONS = NO;
				ENABLE_STRICT_OBJC_MSGSEND = YES;
				ENABLE_USER_SCRIPT_SANDBOXING = YES;
				GCC_C_LANGUAGE_STANDARD = gnu17;
				GCC_NO_COMMON_BLOCKS = YES;
				GCC_WARN_64_TO_32_BIT_CONVERSION = YES;
				GCC_WARN_ABOUT_RETURN_TYPE = YES_ERROR;
				GCC_WARN_UNDECLARED_SELECTOR = YES;
				GCC_WARN_UNINITIALIZED_AUTOS = YES_AGGRESSIVE;
				GCC_WARN_UNUSED_FUNCTION = YES;
				GCC_WARN_UNUSED_VARIABLE = YES;
				IPHONEOS_DEPLOYMENT_TARGET = 17.6;
				LOCALIZATION_PREFERS_STRING_CATALOGS = YES;
				MTL_ENABLE_DEBUG_INFO = NO;
				MTL_FAST_MATH = YES;
				SDKROOT = iphoneos;
				SWIFT_COMPILATION_MODE = wholemodule;
				VALIDATE_PRODUCT = YES;
			};
			name = Release;
		};
		564431272E5701960051140F /* Debug */ = {
			isa = XCBuildConfiguration;
			baseConfigurationReferenceAnchor = 564431072E5701920051140F /* Vector */;
			baseConfigurationReferenceRelativePath = Config/Debug.xcconfig;
			buildSettings = {
				ASSETCATALOG_COMPILER_APPICON_NAME = AppIcon;
				ASSETCATALOG_COMPILER_GLOBAL_ACCENT_COLOR_NAME = AccentColor;
				CODE_SIGN_STYLE = Automatic;
				CURRENT_PROJECT_VERSION = 1;
				DEVELOPMENT_TEAM = 29GKHC3B64;
				ENABLE_PREVIEWS = YES;
				GENERATE_INFOPLIST_FILE = YES;
				INFOPLIST_FILE = Vector/Config/Info.plist;
				INFOPLIST_KEY_CFBundleDisplayName = Vector;
				INFOPLIST_KEY_LSApplicationCategoryType = NSCameraUsageDescription;
				INFOPLIST_KEY_NSCameraUsageDescription = "";
				INFOPLIST_KEY_NSFaceIDUsageDescription = "";
				INFOPLIST_KEY_UIApplicationSceneManifest_Generation = YES;
				INFOPLIST_KEY_UIApplicationSupportsIndirectInputEvents = YES;
				INFOPLIST_KEY_UILaunchScreen_Generation = YES;
				INFOPLIST_KEY_UISupportedInterfaceOrientations_iPad = "UIInterfaceOrientationPortrait UIInterfaceOrientationPortraitUpsideDown UIInterfaceOrientationLandscapeLeft UIInterfaceOrientationLandscapeRight";
				INFOPLIST_KEY_UISupportedInterfaceOrientations_iPhone = "UIInterfaceOrientationPortrait UIInterfaceOrientationLandscapeLeft UIInterfaceOrientationLandscapeRight";
				LD_RUNPATH_SEARCH_PATHS = (
					"$(inherited)",
					"@executable_path/Frameworks",
				);
				MARKETING_VERSION = 1.0;
				PRODUCT_BUNDLE_IDENTIFIER = name.adamzatar.Vector;
				PRODUCT_NAME = "$(TARGET_NAME)";
				SWIFT_EMIT_LOC_STRINGS = YES;
				SWIFT_VERSION = 5.0;
				TARGETED_DEVICE_FAMILY = "1,2";
			};
			name = Debug;
		};
		564431282E5701960051140F /* Release */ = {
			isa = XCBuildConfiguration;
			baseConfigurationReferenceAnchor = 564431072E5701920051140F /* Vector */;
			baseConfigurationReferenceRelativePath = Config/Release.xcconfig;
			buildSettings = {
				ASSETCATALOG_COMPILER_APPICON_NAME = AppIcon;
				ASSETCATALOG_COMPILER_GLOBAL_ACCENT_COLOR_NAME = AccentColor;
				CODE_SIGN_STYLE = Automatic;
				CURRENT_PROJECT_VERSION = 1;
				DEVELOPMENT_TEAM = 29GKHC3B64;
				ENABLE_PREVIEWS = YES;
				GENERATE_INFOPLIST_FILE = YES;
				INFOPLIST_FILE = Vector/Config/Info.plist;
				INFOPLIST_KEY_CFBundleDisplayName = Vector;
				INFOPLIST_KEY_LSApplicationCategoryType = NSCameraUsageDescription;
				INFOPLIST_KEY_NSCameraUsageDescription = "";
				INFOPLIST_KEY_NSFaceIDUsageDescription = "";
				INFOPLIST_KEY_UIApplicationSceneManifest_Generation = YES;
				INFOPLIST_KEY_UIApplicationSupportsIndirectInputEvents = YES;
				INFOPLIST_KEY_UILaunchScreen_Generation = YES;
				INFOPLIST_KEY_UISupportedInterfaceOrientations_iPad = "UIInterfaceOrientationPortrait UIInterfaceOrientationPortraitUpsideDown UIInterfaceOrientationLandscapeLeft UIInterfaceOrientationLandscapeRight";
				INFOPLIST_KEY_UISupportedInterfaceOrientations_iPhone = "UIInterfaceOrientationPortrait UIInterfaceOrientationLandscapeLeft UIInterfaceOrientationLandscapeRight";
				LD_RUNPATH_SEARCH_PATHS = (
					"$(inherited)",
					"@executable_path/Frameworks",
				);
				MARKETING_VERSION = 1.0;
				PRODUCT_BUNDLE_IDENTIFIER = name.adamzatar.Vector;
				PRODUCT_NAME = "$(TARGET_NAME)";
				SWIFT_EMIT_LOC_STRINGS = YES;
				SWIFT_VERSION = 5.0;
				TARGETED_DEVICE_FAMILY = "1,2";
			};
			name = Release;
		};
		5644312A2E5701960051140F /* Debug */ = {
			isa = XCBuildConfiguration;
			baseConfigurationReferenceAnchor = 564431072E5701920051140F /* Vector */;
			baseConfigurationReferenceRelativePath = Config/Debug.xcconfig;
			buildSettings = {
				BUNDLE_LOADER = "$(TEST_HOST)";
				CODE_SIGN_STYLE = Automatic;
				CURRENT_PROJECT_VERSION = 1;
				DEVELOPMENT_TEAM = 29GKHC3B64;
				GENERATE_INFOPLIST_FILE = YES;
				IPHONEOS_DEPLOYMENT_TARGET = 18.5;
				MARKETING_VERSION = 1.0;
				PRODUCT_BUNDLE_IDENTIFIER = name.adamzatar.VectorTests;
				PRODUCT_NAME = "$(TARGET_NAME)";
				SWIFT_EMIT_LOC_STRINGS = NO;
				SWIFT_VERSION = 5.0;
				TARGETED_DEVICE_FAMILY = "1,2";
				TEST_HOST = "$(BUILT_PRODUCTS_DIR)/Vector.app/$(BUNDLE_EXECUTABLE_FOLDER_PATH)/Vector";
			};
			name = Debug;
		};
		5644312B2E5701960051140F /* Release */ = {
			isa = XCBuildConfiguration;
			baseConfigurationReferenceAnchor = 564431072E5701920051140F /* Vector */;
			baseConfigurationReferenceRelativePath = Config/Release.xcconfig;
			buildSettings = {
				BUNDLE_LOADER = "$(TEST_HOST)";
				CODE_SIGN_STYLE = Automatic;
				CURRENT_PROJECT_VERSION = 1;
				DEVELOPMENT_TEAM = 29GKHC3B64;
				GENERATE_INFOPLIST_FILE = YES;
				IPHONEOS_DEPLOYMENT_TARGET = 18.5;
				MARKETING_VERSION = 1.0;
				PRODUCT_BUNDLE_IDENTIFIER = name.adamzatar.VectorTests;
				PRODUCT_NAME = "$(TARGET_NAME)";
				SWIFT_EMIT_LOC_STRINGS = NO;
				SWIFT_VERSION = 5.0;
				TARGETED_DEVICE_FAMILY = "1,2";
				TEST_HOST = "$(BUILT_PRODUCTS_DIR)/Vector.app/$(BUNDLE_EXECUTABLE_FOLDER_PATH)/Vector";
			};
			name = Release;
		};
		5644312D2E5701960051140F /* Debug */ = {
			isa = XCBuildConfiguration;
			baseConfigurationReferenceAnchor = 564431072E5701920051140F /* Vector */;
			baseConfigurationReferenceRelativePath = Config/Debug.xcconfig;
			buildSettings = {
				CODE_SIGN_STYLE = Automatic;
				CURRENT_PROJECT_VERSION = 1;
				DEVELOPMENT_TEAM = 29GKHC3B64;
				GENERATE_INFOPLIST_FILE = YES;
				MARKETING_VERSION = 1.0;
				PRODUCT_BUNDLE_IDENTIFIER = name.adamzatar.VectorUITests;
				PRODUCT_NAME = "$(TARGET_NAME)";
				SWIFT_EMIT_LOC_STRINGS = NO;
				SWIFT_VERSION = 5.0;
				TARGETED_DEVICE_FAMILY = "1,2";
				TEST_TARGET_NAME = Vector;
			};
			name = Debug;
		};
		5644312E2E5701960051140F /* Release */ = {
			isa = XCBuildConfiguration;
			baseConfigurationReferenceAnchor = 564431072E5701920051140F /* Vector */;
			baseConfigurationReferenceRelativePath = Config/Release.xcconfig;
			buildSettings = {
				CODE_SIGN_STYLE = Automatic;
				CURRENT_PROJECT_VERSION = 1;
				DEVELOPMENT_TEAM = 29GKHC3B64;
				GENERATE_INFOPLIST_FILE = YES;
				MARKETING_VERSION = 1.0;
				PRODUCT_BUNDLE_IDENTIFIER = name.adamzatar.VectorUITests;
				PRODUCT_NAME = "$(TARGET_NAME)";
				SWIFT_EMIT_LOC_STRINGS = NO;
				SWIFT_VERSION = 5.0;
				TARGETED_DEVICE_FAMILY = "1,2";
				TEST_TARGET_NAME = Vector;
			};
			name = Release;
		};
/* End XCBuildConfiguration section */

/* Begin XCConfigurationList section */
		564431002E5701920051140F /* Build configuration list for PBXProject "Vector" */ = {
			isa = XCConfigurationList;
			buildConfigurations = (
				564431242E5701960051140F /* Debug */,
				564431252E5701960051140F /* Release */,
			);
			defaultConfigurationIsVisible = 0;
			defaultConfigurationName = Release;
		};
		564431262E5701960051140F /* Build configuration list for PBXNativeTarget "Vector" */ = {
			isa = XCConfigurationList;
			buildConfigurations = (
				564431272E5701960051140F /* Debug */,
				564431282E5701960051140F /* Release */,
			);
			defaultConfigurationIsVisible = 0;
			defaultConfigurationName = Release;
		};
		564431292E5701960051140F /* Build configuration list for PBXNativeTarget "VectorTests" */ = {
			isa = XCConfigurationList;
			buildConfigurations = (
				5644312A2E5701960051140F /* Debug */,
				5644312B2E5701960051140F /* Release */,
			);
			defaultConfigurationIsVisible = 0;
			defaultConfigurationName = Release;
		};
		5644312C2E5701960051140F /* Build configuration list for PBXNativeTarget "VectorUITests" */ = {
			isa = XCConfigurationList;
			buildConfigurations = (
				5644312D2E5701960051140F /* Debug */,
				5644312E2E5701960051140F /* Release */,
			);
			defaultConfigurationIsVisible = 0;
			defaultConfigurationName = Release;
		};
/* End XCConfigurationList section */
	};
	rootObject = 564430FD2E5701920051140F /* Project object */;
}
